// !$*UTF8*$!
{
	archiveVersion = 1;
	classes = {
	};
	objectVersion = 55;
	objects = {

/* Begin PBXBuildFile section */
		1188586A282EC9FD00CB4F98 /* AppDelegate.swift in Sources */ = {isa = PBXBuildFile; fileRef = 11885869282EC9FD00CB4F98 /* AppDelegate.swift */; };
		1188586C282EC9FD00CB4F98 /* SceneDelegate.swift in Sources */ = {isa = PBXBuildFile; fileRef = 1188586B282EC9FD00CB4F98 /* SceneDelegate.swift */; };
		1188586E282EC9FD00CB4F98 /* ViewController.swift in Sources */ = {isa = PBXBuildFile; fileRef = 1188586D282EC9FD00CB4F98 /* ViewController.swift */; };
		11885871282EC9FD00CB4F98 /* Main.storyboard in Resources */ = {isa = PBXBuildFile; fileRef = 1188586F282EC9FD00CB4F98 /* Main.storyboard */; };
		11885873282ECA0200CB4F98 /* Assets.xcassets in Resources */ = {isa = PBXBuildFile; fileRef = 11885872282ECA0200CB4F98 /* Assets.xcassets */; };
		11885876282ECA0200CB4F98 /* LaunchScreen.storyboard in Resources */ = {isa = PBXBuildFile; fileRef = 11885874282ECA0200CB4F98 /* LaunchScreen.storyboard */; };
		11885881282ECA0200CB4F98 /* Netology_IB_InstrumentsTests.swift in Sources */ = {isa = PBXBuildFile; fileRef = 11885880282ECA0200CB4F98 /* Netology_IB_InstrumentsTests.swift */; };
		1188588B282ECA0200CB4F98 /* Netology_IB_InstrumentsUITests.swift in Sources */ = {isa = PBXBuildFile; fileRef = 1188588A282ECA0200CB4F98 /* Netology_IB_InstrumentsUITests.swift */; };
		1188588D282ECA0200CB4F98 /* Netology_IB_InstrumentsUITestsLaunchTests.swift in Sources */ = {isa = PBXBuildFile; fileRef = 1188588C282ECA0200CB4F98 /* Netology_IB_InstrumentsUITestsLaunchTests.swift */; };
/* End PBXBuildFile section */

/* Begin PBXContainerItemProxy section */
		1188587D282ECA0200CB4F98 /* PBXContainerItemProxy */ = {
			isa = PBXContainerItemProxy;
			containerPortal = 1188585E282EC9FD00CB4F98 /* Project object */;
			proxyType = 1;
			remoteGlobalIDString = 11885865282EC9FD00CB4F98;
			remoteInfo = Netology_IB_Instruments;
		};
		11885887282ECA0200CB4F98 /* PBXContainerItemProxy */ = {
			isa = PBXContainerItemProxy;
			containerPortal = 1188585E282EC9FD00CB4F98 /* Project object */;
			proxyType = 1;
			remoteGlobalIDString = 11885865282EC9FD00CB4F98;
			remoteInfo = Netology_IB_Instruments;
		};
/* End PBXContainerItemProxy section */

/* Begin PBXFileReference section */
		11885866282EC9FD00CB4F98 /* Netology_IB_Instruments.app */ = {isa = PBXFileReference; explicitFileType = wrapper.application; includeInIndex = 0; path = Netology_IB_Instruments.app; sourceTree = BUILT_PRODUCTS_DIR; };
		11885869282EC9FD00CB4F98 /* AppDelegate.swift */ = {isa = PBXFileReference; lastKnownFileType = sourcecode.swift; path = AppDelegate.swift; sourceTree = "<group>"; };
		1188586B282EC9FD00CB4F98 /* SceneDelegate.swift */ = {isa = PBXFileReference; lastKnownFileType = sourcecode.swift; path = SceneDelegate.swift; sourceTree = "<group>"; };
		1188586D282EC9FD00CB4F98 /* ViewController.swift */ = {isa = PBXFileReference; lastKnownFileType = sourcecode.swift; path = ViewController.swift; sourceTree = "<group>"; };
		11885870282EC9FD00CB4F98 /* Base */ = {isa = PBXFileReference; lastKnownFileType = file.storyboard; name = Base; path = Base.lproj/Main.storyboard; sourceTree = "<group>"; };
		11885872282ECA0200CB4F98 /* Assets.xcassets */ = {isa = PBXFileReference; lastKnownFileType = folder.assetcatalog; path = Assets.xcassets; sourceTree = "<group>"; };
		11885875282ECA0200CB4F98 /* Base */ = {isa = PBXFileReference; lastKnownFileType = file.storyboard; name = Base; path = Base.lproj/LaunchScreen.storyboard; sourceTree = "<group>"; };
		11885877282ECA0200CB4F98 /* Info.plist */ = {isa = PBXFileReference; lastKnownFileType = text.plist.xml; path = Info.plist; sourceTree = "<group>"; };
		1188587C282ECA0200CB4F98 /* Netology_IB_InstrumentsTests.xctest */ = {isa = PBXFileReference; explicitFileType = wrapper.cfbundle; includeInIndex = 0; path = Netology_IB_InstrumentsTests.xctest; sourceTree = BUILT_PRODUCTS_DIR; };
		11885880282ECA0200CB4F98 /* Netology_IB_InstrumentsTests.swift */ = {isa = PBXFileReference; lastKnownFileType = sourcecode.swift; path = Netology_IB_InstrumentsTests.swift; sourceTree = "<group>"; };
		11885886282ECA0200CB4F98 /* Netology_IB_InstrumentsUITests.xctest */ = {isa = PBXFileReference; explicitFileType = wrapper.cfbundle; includeInIndex = 0; path = Netology_IB_InstrumentsUITests.xctest; sourceTree = BUILT_PRODUCTS_DIR; };
		1188588A282ECA0200CB4F98 /* Netology_IB_InstrumentsUITests.swift */ = {isa = PBXFileReference; lastKnownFileType = sourcecode.swift; path = Netology_IB_InstrumentsUITests.swift; sourceTree = "<group>"; };
		1188588C282ECA0200CB4F98 /* Netology_IB_InstrumentsUITestsLaunchTests.swift */ = {isa = PBXFileReference; lastKnownFileType = sourcecode.swift; path = Netology_IB_InstrumentsUITestsLaunchTests.swift; sourceTree = "<group>"; };
/* End PBXFileReference section */

/* Begin PBXFrameworksBuildPhase section */
		11885863282EC9FD00CB4F98 /* Frameworks */ = {
			isa = PBXFrameworksBuildPhase;
			buildActionMask = 2147483647;
			files = (
			);
			runOnlyForDeploymentPostprocessing = 0;
		};
		11885879282ECA0200CB4F98 /* Frameworks */ = {
			isa = PBXFrameworksBuildPhase;
			buildActionMask = 2147483647;
			files = (
			);
			runOnlyForDeploymentPostprocessing = 0;
		};
		11885883282ECA0200CB4F98 /* Frameworks */ = {
			isa = PBXFrameworksBuildPhase;
			buildActionMask = 2147483647;
			files = (
			);
			runOnlyForDeploymentPostprocessing = 0;
		};
/* End PBXFrameworksBuildPhase section */

/* Begin PBXGroup section */
		1188585D282EC9FD00CB4F98 = {
			isa = PBXGroup;
			children = (
				11885868282EC9FD00CB4F98 /* Netology_IB_Instruments */,
				1188587F282ECA0200CB4F98 /* Netology_IB_InstrumentsTests */,
				11885889282ECA0200CB4F98 /* Netology_IB_InstrumentsUITests */,
				11885867282EC9FD00CB4F98 /* Products */,
			);
			sourceTree = "<group>";
		};
		11885867282EC9FD00CB4F98 /* Products */ = {
			isa = PBXGroup;
			children = (
				11885866282EC9FD00CB4F98 /* Netology_IB_Instruments.app */,
				1188587C282ECA0200CB4F98 /* Netology_IB_InstrumentsTests.xctest */,
				11885886282ECA0200CB4F98 /* Netology_IB_InstrumentsUITests.xctest */,
			);
			name = Products;
			sourceTree = "<group>";
		};
		11885868282EC9FD00CB4F98 /* Netology_IB_Instruments */ = {
			isa = PBXGroup;
			children = (
				11885869282EC9FD00CB4F98 /* AppDelegate.swift */,
				1188586B282EC9FD00CB4F98 /* SceneDelegate.swift */,
				1188586D282EC9FD00CB4F98 /* ViewController.swift */,
				1188586F282EC9FD00CB4F98 /* Main.storyboard */,
				11885872282ECA0200CB4F98 /* Assets.xcassets */,
				11885874282ECA0200CB4F98 /* LaunchScreen.storyboard */,
				11885877282ECA0200CB4F98 /* Info.plist */,
			);
			path = Netology_IB_Instruments;
			sourceTree = "<group>";
		};
		1188587F282ECA0200CB4F98 /* Netology_IB_InstrumentsTests */ = {
			isa = PBXGroup;
			children = (
				11885880282ECA0200CB4F98 /* Netology_IB_InstrumentsTests.swift */,
			);
			path = Netology_IB_InstrumentsTests;
			sourceTree = "<group>";
		};
		11885889282ECA0200CB4F98 /* Netology_IB_InstrumentsUITests */ = {
			isa = PBXGroup;
			children = (
				1188588A282ECA0200CB4F98 /* Netology_IB_InstrumentsUITests.swift */,
				1188588C282ECA0200CB4F98 /* Netology_IB_InstrumentsUITestsLaunchTests.swift */,
			);
			path = Netology_IB_InstrumentsUITests;
			sourceTree = "<group>";
		};
/* End PBXGroup section */

/* Begin PBXNativeTarget section */
		11885865282EC9FD00CB4F98 /* Netology_IB_Instruments */ = {
			isa = PBXNativeTarget;
			buildConfigurationList = 11885890282ECA0200CB4F98 /* Build configuration list for PBXNativeTarget "Netology_IB_Instruments" */;
			buildPhases = (
				11885862282EC9FD00CB4F98 /* Sources */,
				11885863282EC9FD00CB4F98 /* Frameworks */,
				11885864282EC9FD00CB4F98 /* Resources */,
			);
			buildRules = (
			);
			dependencies = (
			);
			name = Netology_IB_Instruments;
			productName = Netology_IB_Instruments;
			productReference = 11885866282EC9FD00CB4F98 /* Netology_IB_Instruments.app */;
			productType = "com.apple.product-type.application";
		};
		1188587B282ECA0200CB4F98 /* Netology_IB_InstrumentsTests */ = {
			isa = PBXNativeTarget;
			buildConfigurationList = 11885893282ECA0200CB4F98 /* Build configuration list for PBXNativeTarget "Netology_IB_InstrumentsTests" */;
			buildPhases = (
				11885878282ECA0200CB4F98 /* Sources */,
				11885879282ECA0200CB4F98 /* Frameworks */,
				1188587A282ECA0200CB4F98 /* Resources */,
			);
			buildRules = (
			);
			dependencies = (
				1188587E282ECA0200CB4F98 /* PBXTargetDependency */,
			);
			name = Netology_IB_InstrumentsTests;
			productName = Netology_IB_InstrumentsTests;
			productReference = 1188587C282ECA0200CB4F98 /* Netology_IB_InstrumentsTests.xctest */;
			productType = "com.apple.product-type.bundle.unit-test";
		};
		11885885282ECA0200CB4F98 /* Netology_IB_InstrumentsUITests */ = {
			isa = PBXNativeTarget;
			buildConfigurationList = 11885896282ECA0200CB4F98 /* Build configuration list for PBXNativeTarget "Netology_IB_InstrumentsUITests" */;
			buildPhases = (
				11885882282ECA0200CB4F98 /* Sources */,
				11885883282ECA0200CB4F98 /* Frameworks */,
				11885884282ECA0200CB4F98 /* Resources */,
			);
			buildRules = (
			);
			dependencies = (
				11885888282ECA0200CB4F98 /* PBXTargetDependency */,
			);
			name = Netology_IB_InstrumentsUITests;
			productName = Netology_IB_InstrumentsUITests;
			productReference = 11885886282ECA0200CB4F98 /* Netology_IB_InstrumentsUITests.xctest */;
			productType = "com.apple.product-type.bundle.ui-testing";
		};
/* End PBXNativeTarget section */

/* Begin PBXProject section */
		1188585E282EC9FD00CB4F98 /* Project object */ = {
			isa = PBXProject;
			attributes = {
				BuildIndependentTargetsInParallel = 1;
				LastSwiftUpdateCheck = 1320;
				LastUpgradeCheck = 1320;
				TargetAttributes = {
					11885865282EC9FD00CB4F98 = {
						CreatedOnToolsVersion = 13.2;
					};
					1188587B282ECA0200CB4F98 = {
						CreatedOnToolsVersion = 13.2;
						TestTargetID = 11885865282EC9FD00CB4F98;
					};
					11885885282ECA0200CB4F98 = {
						CreatedOnToolsVersion = 13.2;
						TestTargetID = 11885865282EC9FD00CB4F98;
					};
				};
			};
			buildConfigurationList = 11885861282EC9FD00CB4F98 /* Build configuration list for PBXProject "Netology_IB_Instruments" */;
			compatibilityVersion = "Xcode 13.0";
			developmentRegion = en;
			hasScannedForEncodings = 0;
			knownRegions = (
				en,
				Base,
			);
			mainGroup = 1188585D282EC9FD00CB4F98;
			productRefGroup = 11885867282EC9FD00CB4F98 /* Products */;
			projectDirPath = "";
			projectRoot = "";
			targets = (
				11885865282EC9FD00CB4F98 /* Netology_IB_Instruments */,
				1188587B282ECA0200CB4F98 /* Netology_IB_InstrumentsTests */,
				11885885282ECA0200CB4F98 /* Netology_IB_InstrumentsUITests */,
			);
		};
/* End PBXProject section */

/* Begin PBXResourcesBuildPhase section */
		11885864282EC9FD00CB4F98 /* Resources */ = {
			isa = PBXResourcesBuildPhase;
			buildActionMask = 2147483647;
			files = (
				11885876282ECA0200CB4F98 /* LaunchScreen.storyboard in Resources */,
				11885873282ECA0200CB4F98 /* Assets.xcassets in Resources */,
				11885871282EC9FD00CB4F98 /* Main.storyboard in Resources */,
			);
			runOnlyForDeploymentPostprocessing = 0;
		};
		1188587A282ECA0200CB4F98 /* Resources */ = {
			isa = PBXResourcesBuildPhase;
			buildActionMask = 2147483647;
			files = (
			);
			runOnlyForDeploymentPostprocessing = 0;
		};
		11885884282ECA0200CB4F98 /* Resources */ = {
			isa = PBXResourcesBuildPhase;
			buildActionMask = 2147483647;
			files = (
			);
			runOnlyForDeploymentPostprocessing = 0;
		};
/* End PBXResourcesBuildPhase section */

/* Begin PBXSourcesBuildPhase section */
		11885862282EC9FD00CB4F98 /* Sources */ = {
			isa = PBXSourcesBuildPhase;
			buildActionMask = 2147483647;
			files = (
				1188586E282EC9FD00CB4F98 /* ViewController.swift in Sources */,
				1188586A282EC9FD00CB4F98 /* AppDelegate.swift in Sources */,
				1188586C282EC9FD00CB4F98 /* SceneDelegate.swift in Sources */,
			);
			runOnlyForDeploymentPostprocessing = 0;
		};
		11885878282ECA0200CB4F98 /* Sources */ = {
			isa = PBXSourcesBuildPhase;
			buildActionMask = 2147483647;
			files = (
				11885881282ECA0200CB4F98 /* Netology_IB_InstrumentsTests.swift in Sources */,
			);
			runOnlyForDeploymentPostprocessing = 0;
		};
		11885882282ECA0200CB4F98 /* Sources */ = {
			isa = PBXSourcesBuildPhase;
			buildActionMask = 2147483647;
			files = (
				1188588B282ECA0200CB4F98 /* Netology_IB_InstrumentsUITests.swift in Sources */,
				1188588D282ECA0200CB4F98 /* Netology_IB_InstrumentsUITestsLaunchTests.swift in Sources */,
			);
			runOnlyForDeploymentPostprocessing = 0;
		};
/* End PBXSourcesBuildPhase section */

/* Begin PBXTargetDependency section */
		1188587E282ECA0200CB4F98 /* PBXTargetDependency */ = {
			isa = PBXTargetDependency;
			target = 11885865282EC9FD00CB4F98 /* Netology_IB_Instruments */;
			targetProxy = 1188587D282ECA0200CB4F98 /* PBXContainerItemProxy */;
		};
		11885888282ECA0200CB4F98 /* PBXTargetDependency */ = {
			isa = PBXTargetDependency;
			target = 11885865282EC9FD00CB4F98 /* Netology_IB_Instruments */;
			targetProxy = 11885887282ECA0200CB4F98 /* PBXContainerItemProxy */;
		};
/* End PBXTargetDependency section */

/* Begin PBXVariantGroup section */
		1188586F282EC9FD00CB4F98 /* Main.storyboard */ = {
			isa = PBXVariantGroup;
			children = (
				11885870282EC9FD00CB4F98 /* Base */,
			);
			name = Main.storyboard;
			sourceTree = "<group>";
		};
		11885874282ECA0200CB4F98 /* LaunchScreen.storyboard */ = {
			isa = PBXVariantGroup;
			children = (
				11885875282ECA0200CB4F98 /* Base */,
			);
			name = LaunchScreen.storyboard;
			sourceTree = "<group>";
		};
/* End PBXVariantGroup section */

/* Begin XCBuildConfiguration section */
		1188588E282ECA0200CB4F98 /* Debug */ = {
			isa = XCBuildConfiguration;
			buildSettings = {
				ALWAYS_SEARCH_USER_PATHS = NO;
				CLANG_ANALYZER_NONNULL = YES;
				CLANG_ANALYZER_NUMBER_OBJECT_CONVERSION = YES_AGGRESSIVE;
				CLANG_CXX_LANGUAGE_STANDARD = "gnu++17";
				CLANG_CXX_LIBRARY = "libc++";
				CLANG_ENABLE_MODULES = YES;
				CLANG_ENABLE_OBJC_ARC = YES;
				CLANG_ENABLE_OBJC_WEAK = YES;
				CLANG_WARN_BLOCK_CAPTURE_AUTORELEASING = YES;
				CLANG_WARN_BOOL_CONVERSION = YES;
				CLANG_WARN_COMMA = YES;
				CLANG_WARN_CONSTANT_CONVERSION = YES;
				CLANG_WARN_DEPRECATED_OBJC_IMPLEMENTATIONS = YES;
				CLANG_WARN_DIRECT_OBJC_ISA_USAGE = YES_ERROR;
				CLANG_WARN_DOCUMENTATION_COMMENTS = YES;
				CLANG_WARN_EMPTY_BODY = YES;
				CLANG_WARN_ENUM_CONVERSION = YES;
				CLANG_WARN_INFINITE_RECURSION = YES;
				CLANG_WARN_INT_CONVERSION = YES;
				CLANG_WARN_NON_LITERAL_NULL_CONVERSION = YES;
				CLANG_WARN_OBJC_IMPLICIT_RETAIN_SELF = YES;
				CLANG_WARN_OBJC_LITERAL_CONVERSION = YES;
				CLANG_WARN_OBJC_ROOT_CLASS = YES_ERROR;
				CLANG_WARN_QUOTED_INCLUDE_IN_FRAMEWORK_HEADER = YES;
				CLANG_WARN_RANGE_LOOP_ANALYSIS = YES;
				CLANG_WARN_STRICT_PROTOTYPES = YES;
				CLANG_WARN_SUSPICIOUS_MOVE = YES;
				CLANG_WARN_UNGUARDED_AVAILABILITY = YES_AGGRESSIVE;
				CLANG_WARN_UNREACHABLE_CODE = YES;
				CLANG_WARN__DUPLICATE_METHOD_MATCH = YES;
				COPY_PHASE_STRIP = NO;
				DEBUG_INFORMATION_FORMAT = dwarf;
				ENABLE_STRICT_OBJC_MSGSEND = YES;
				ENABLE_TESTABILITY = YES;
				GCC_C_LANGUAGE_STANDARD = gnu11;
				GCC_DYNAMIC_NO_PIC = NO;
				GCC_NO_COMMON_BLOCKS = YES;
				GCC_OPTIMIZATION_LEVEL = 0;
				GCC_PREPROCESSOR_DEFINITIONS = (
					"DEBUG=1",
					"$(inherited)",
				);
				GCC_WARN_64_TO_32_BIT_CONVERSION = YES;
				GCC_WARN_ABOUT_RETURN_TYPE = YES_ERROR;
				GCC_WARN_UNDECLARED_SELECTOR = YES;
				GCC_WARN_UNINITIALIZED_AUTOS = YES_AGGRESSIVE;
				GCC_WARN_UNUSED_FUNCTION = YES;
				GCC_WARN_UNUSED_VARIABLE = YES;
				IPHONEOS_DEPLOYMENT_TARGET = 15.2;
				MTL_ENABLE_DEBUG_INFO = INCLUDE_SOURCE;
				MTL_FAST_MATH = YES;
				ONLY_ACTIVE_ARCH = YES;
				SDKROOT = iphoneos;
				SWIFT_ACTIVE_COMPILATION_CONDITIONS = DEBUG;
				SWIFT_OPTIMIZATION_LEVEL = "-Onone";
			};
			name = Debug;
		};
		1188588F282ECA0200CB4F98 /* Release */ = {
			isa = XCBuildConfiguration;
			buildSettings = {
				ALWAYS_SEARCH_USER_PATHS = NO;
				CLANG_ANALYZER_NONNULL = YES;
				CLANG_ANALYZER_NUMBER_OBJECT_CONVERSION = YES_AGGRESSIVE;
				CLANG_CXX_LANGUAGE_STANDARD = "gnu++17";
				CLANG_CXX_LIBRARY = "libc++";
				CLANG_ENABLE_MODULES = YES;
				CLANG_ENABLE_OBJC_ARC = YES;
				CLANG_ENABLE_OBJC_WEAK = YES;
				CLANG_WARN_BLOCK_CAPTURE_AUTORELEASING = YES;
				CLANG_WARN_BOOL_CONVERSION = YES;
				CLANG_WARN_COMMA = YES;
				CLANG_WARN_CONSTANT_CONVERSION = YES;
				CLANG_WARN_DEPRECATED_OBJC_IMPLEMENTATIONS = YES;
				CLANG_WARN_DIRECT_OBJC_ISA_USAGE = YES_ERROR;
				CLANG_WARN_DOCUMENTATION_COMMENTS = YES;
				CLANG_WARN_EMPTY_BODY = YES;
				CLANG_WARN_ENUM_CONVERSION = YES;
				CLANG_WARN_INFINITE_RECURSION = YES;
				CLANG_WARN_INT_CONVERSION = YES;
				CLANG_WARN_NON_LITERAL_NULL_CONVERSION = YES;
				CLANG_WARN_OBJC_IMPLICIT_RETAIN_SELF = YES;
				CLANG_WARN_OBJC_LITERAL_CONVERSION = YES;
				CLANG_WARN_OBJC_ROOT_CLASS = YES_ERROR;
				CLANG_WARN_QUOTED_INCLUDE_IN_FRAMEWORK_HEADER = YES;
				CLANG_WARN_RANGE_LOOP_ANALYSIS = YES;
				CLANG_WARN_STRICT_PROTOTYPES = YES;
				CLANG_WARN_SUSPICIOUS_MOVE = YES;
				CLANG_WARN_UNGUARDED_AVAILABILITY = YES_AGGRESSIVE;
				CLANG_WARN_UNREACHABLE_CODE = YES;
				CLANG_WARN__DUPLICATE_METHOD_MATCH = YES;
				COPY_PHASE_STRIP = NO;
				DEBUG_INFORMATION_FORMAT = "dwarf-with-dsym";
				ENABLE_NS_ASSERTIONS = NO;
				ENABLE_STRICT_OBJC_MSGSEND = YES;
				GCC_C_LANGUAGE_STANDARD = gnu11;
				GCC_NO_COMMON_BLOCKS = YES;
				GCC_WARN_64_TO_32_BIT_CONVERSION = YES;
				GCC_WARN_ABOUT_RETURN_TYPE = YES_ERROR;
				GCC_WARN_UNDECLARED_SELECTOR = YES;
				GCC_WARN_UNINITIALIZED_AUTOS = YES_AGGRESSIVE;
				GCC_WARN_UNUSED_FUNCTION = YES;
				GCC_WARN_UNUSED_VARIABLE = YES;
				IPHONEOS_DEPLOYMENT_TARGET = 15.2;
				MTL_ENABLE_DEBUG_INFO = NO;
				MTL_FAST_MATH = YES;
				SDKROOT = iphoneos;
				SWIFT_COMPILATION_MODE = wholemodule;
				SWIFT_OPTIMIZATION_LEVEL = "-O";
				VALIDATE_PRODUCT = YES;
			};
			name = Release;
		};
		11885891282ECA0200CB4F98 /* Debug */ = {
			isa = XCBuildConfiguration;
			buildSettings = {
				ASSETCATALOG_COMPILER_APPICON_NAME = AppIcon;
				ASSETCATALOG_COMPILER_GLOBAL_ACCENT_COLOR_NAME = AccentColor;
				CODE_SIGN_STYLE = Automatic;
				CURRENT_PROJECT_VERSION = 1;
				DEVELOPMENT_TEAM = TYLB8U2DA7;
				GENERATE_INFOPLIST_FILE = YES;
				INFOPLIST_FILE = Netology_IB_Instruments/Info.plist;
				INFOPLIST_KEY_UIApplicationSupportsIndirectInputEvents = YES;
				INFOPLIST_KEY_UILaunchStoryboardName = LaunchScreen;
				INFOPLIST_KEY_UIMainStoryboardFile = Main;
				INFOPLIST_KEY_UISupportedInterfaceOrientations_iPad = "UIInterfaceOrientationPortrait UIInterfaceOrientationPortraitUpsideDown UIInterfaceOrientationLandscapeLeft UIInterfaceOrientationLandscapeRight";
				INFOPLIST_KEY_UISupportedInterfaceOrientations_iPhone = "UIInterfaceOrientationPortrait UIInterfaceOrientationLandscapeLeft UIInterfaceOrientationLandscapeRight";
				LD_RUNPATH_SEARCH_PATHS = (
					"$(inherited)",
					"@executable_path/Frameworks",
				);
				MARKETING_VERSION = 1.0;
				PRODUCT_BUNDLE_IDENTIFIER = "-.Netology-IB-Instruments";
				PRODUCT_NAME = "$(TARGET_NAME)";
				SWIFT_EMIT_LOC_STRINGS = YES;
				SWIFT_VERSION = 5.0;
				TARGETED_DEVICE_FAMILY = "1,2";
			};
			name = Debug;
		};
		11885892282ECA0200CB4F98 /* Release */ = {
			isa = XCBuildConfiguration;
			buildSettings = {
				ASSETCATALOG_COMPILER_APPICON_NAME = AppIcon;
				ASSETCATALOG_COMPILER_GLOBAL_ACCENT_COLOR_NAME = AccentColor;
				CODE_SIGN_STYLE = Automatic;
				CURRENT_PROJECT_VERSION = 1;
				DEVELOPMENT_TEAM = TYLB8U2DA7;
				GENERATE_INFOPLIST_FILE = YES;
				INFOPLIST_FILE = Netology_IB_Instruments/Info.plist;
				INFOPLIST_KEY_UIApplicationSupportsIndirectInputEvents = YES;
				INFOPLIST_KEY_UILaunchStoryboardName = LaunchScreen;
				INFOPLIST_KEY_UIMainStoryboardFile = Main;
				INFOPLIST_KEY_UISupportedInterfaceOrientations_iPad = "UIInterfaceOrientationPortrait UIInterfaceOrientationPortraitUpsideDown UIInterfaceOrientationLandscapeLeft UIInterfaceOrientationLandscapeRight";
				INFOPLIST_KEY_UISupportedInterfaceOrientations_iPhone = "UIInterfaceOrientationPortrait UIInterfaceOrientationLandscapeLeft UIInterfaceOrientationLandscapeRight";
				LD_RUNPATH_SEARCH_PATHS = (
					"$(inherited)",
					"@executable_path/Frameworks",
				);
				MARKETING_VERSION = 1.0;
				PRODUCT_BUNDLE_IDENTIFIER = "-.Netology-IB-Instruments";
				PRODUCT_NAME = "$(TARGET_NAME)";
				SWIFT_EMIT_LOC_STRINGS = YES;
				SWIFT_VERSION = 5.0;
				TARGETED_DEVICE_FAMILY = "1,2";
			};
			name = Release;
		};
		11885894282ECA0200CB4F98 /* Debug */ = {
			isa = XCBuildConfiguration;
			buildSettings = {
				ALWAYS_EMBED_SWIFT_STANDARD_LIBRARIES = YES;
				BUNDLE_LOADER = "$(TEST_HOST)";
				CODE_SIGN_STYLE = Automatic;
				CURRENT_PROJECT_VERSION = 1;
				DEVELOPMENT_TEAM = TYLB8U2DA7;
				GENERATE_INFOPLIST_FILE = YES;
				IPHONEOS_DEPLOYMENT_TARGET = 15.2;
				MARKETING_VERSION = 1.0;
				PRODUCT_BUNDLE_IDENTIFIER = "-.Netology-IB-InstrumentsTests";
				PRODUCT_NAME = "$(TARGET_NAME)";
				SWIFT_EMIT_LOC_STRINGS = NO;
				SWIFT_VERSION = 5.0;
				TARGETED_DEVICE_FAMILY = "1,2";
				TEST_HOST = "$(BUILT_PRODUCTS_DIR)/Netology_IB_Instruments.app/Netology_IB_Instruments";
			};
			name = Debug;
		};
		11885895282ECA0200CB4F98 /* Release */ = {
			isa = XCBuildConfiguration;
			buildSettings = {
				ALWAYS_EMBED_SWIFT_STANDARD_LIBRARIES = YES;
				BUNDLE_LOADER = "$(TEST_HOST)";
				CODE_SIGN_STYLE = Automatic;
				CURRENT_PROJECT_VERSION = 1;
				DEVELOPMENT_TEAM = TYLB8U2DA7;
				GENERATE_INFOPLIST_FILE = YES;
				IPHONEOS_DEPLOYMENT_TARGET = 15.2;
				MARKETING_VERSION = 1.0;
				PRODUCT_BUNDLE_IDENTIFIER = "-.Netology-IB-InstrumentsTests";
				PRODUCT_NAME = "$(TARGET_NAME)";
				SWIFT_EMIT_LOC_STRINGS = NO;
				SWIFT_VERSION = 5.0;
				TARGETED_DEVICE_FAMILY = "1,2";
				TEST_HOST = "$(BUILT_PRODUCTS_DIR)/Netology_IB_Instruments.app/Netology_IB_Instruments";
			};
			name = Release;
		};
		11885897282ECA0200CB4F98 /* Debug */ = {
			isa = XCBuildConfiguration;
			buildSettings = {
				ALWAYS_EMBED_SWIFT_STANDARD_LIBRARIES = YES;
				CODE_SIGN_STYLE = Automatic;
				CURRENT_PROJECT_VERSION = 1;
				DEVELOPMENT_TEAM = TYLB8U2DA7;
				GENERATE_INFOPLIST_FILE = YES;
				MARKETING_VERSION = 1.0;
				PRODUCT_BUNDLE_IDENTIFIER = "-.Netology-IB-InstrumentsUITests";
				PRODUCT_NAME = "$(TARGET_NAME)";
				SWIFT_EMIT_LOC_STRINGS = NO;
				SWIFT_VERSION = 5.0;
				TARGETED_DEVICE_FAMILY = "1,2";
				TEST_TARGET_NAME = Netology_IB_Instruments;
			};
			name = Debug;
		};
		11885898282ECA0200CB4F98 /* Release */ = {
			isa = XCBuildConfiguration;
			buildSettings = {
				ALWAYS_EMBED_SWIFT_STANDARD_LIBRARIES = YES;
				CODE_SIGN_STYLE = Automatic;
				CURRENT_PROJECT_VERSION = 1;
				DEVELOPMENT_TEAM = TYLB8U2DA7;
				GENERATE_INFOPLIST_FILE = YES;
				MARKETING_VERSION = 1.0;
				PRODUCT_BUNDLE_IDENTIFIER = "-.Netology-IB-InstrumentsUITests";
				PRODUCT_NAME = "$(TARGET_NAME)";
				SWIFT_EMIT_LOC_STRINGS = NO;
				SWIFT_VERSION = 5.0;
				TARGETED_DEVICE_FAMILY = "1,2";
				TEST_TARGET_NAME = Netology_IB_Instruments;
			};
			name = Release;
		};
/* End XCBuildConfiguration section */

/* Begin XCConfigurationList section */
		11885861282EC9FD00CB4F98 /* Build configuration list for PBXProject "Netology_IB_Instruments" */ = {
			isa = XCConfigurationList;
			buildConfigurations = (
				1188588E282ECA0200CB4F98 /* Debug */,
				1188588F282ECA0200CB4F98 /* Release */,
			);
			defaultConfigurationIsVisible = 0;
			defaultConfigurationName = Release;
		};
		11885890282ECA0200CB4F98 /* Build configuration list for PBXNativeTarget "Netology_IB_Instruments" */ = {
			isa = XCConfigurationList;
			buildConfigurations = (
				11885891282ECA0200CB4F98 /* Debug */,
				11885892282ECA0200CB4F98 /* Release */,
			);
			defaultConfigurationIsVisible = 0;
			defaultConfigurationName = Release;
		};
		11885893282ECA0200CB4F98 /* Build configuration list for PBXNativeTarget "Netology_IB_InstrumentsTests" */ = {
			isa = XCConfigurationList;
			buildConfigurations = (
				11885894282ECA0200CB4F98 /* Debug */,
				11885895282ECA0200CB4F98 /* Release */,
			);
			defaultConfigurationIsVisible = 0;
			defaultConfigurationName = Release;
		};
		11885896282ECA0200CB4F98 /* Build configuration list for PBXNativeTarget "Netology_IB_InstrumentsUITests" */ = {
			isa = XCConfigurationList;
			buildConfigurations = (
				11885897282ECA0200CB4F98 /* Debug */,
				11885898282ECA0200CB4F98 /* Release */,
			);
			defaultConfigurationIsVisible = 0;
			defaultConfigurationName = Release;
		};
/* End XCConfigurationList section */
	};
	rootObject = 1188585E282EC9FD00CB4F98 /* Project object */;
}
